{
  "name": "@ifct2017/nutrients",
  "version": "0.3.0",
  "lockfileVersion": 1,
  "requires": true,
  "dependencies": {
    "@ifct2017/columns": {
      "version": "0.2.4",
      "resolved": "https://registry.npmjs.org/@ifct2017/columns/-/columns-0.2.4.tgz",
      "integrity": "sha512-raIIZ1FFML1tn347jhWxsFksL8yp2AWiKcrbu/6dxIa1w4uy/mD34g/hzGj9t+x5JILZ5kCL9HlDh6ZMfihn9A==",
      "requires": {
        "lunr": "2.2.1",
        "sql-extra": "0.1.7"
      }
    },
    "lunr": {
      "version": "2.2.1",
      "resolved": "https://registry.npmjs.org/lunr/-/lunr-2.2.1.tgz",
      "integrity": "sha1-YsYpR7+DYZRQ6Uq/JgYfHOO6qkc="
    },
    "sql-extra": {
      "version": "0.1.7",
      "resolved": "https://registry.npmjs.org/sql-extra/-/sql-extra-0.1.7.tgz",
      "integrity": "sha512-jEqVC3SrsgQiopnhZ6U4mTnPpN4Gredz93Exn6SaWi3cTvePw689S5izomz20YZ8owMw/9OeRU8TNBvPZ6X97g=="
    }
  }
}
