{
  "name": "@ifct2017/nutrients",
  "version": "0.2.1",
  "lockfileVersion": 1,
  "requires": true,
  "dependencies": {
    "@ifct2017/columns": {
      "version": "0.2.1",
      "resolved": "https://registry.npmjs.org/@ifct2017/columns/-/columns-0.2.1.tgz",
      "integrity": "sha512-qUmQkw3pP/b5HHQPUIYi+oDjcjml10bDxe7IRmPnev6HYEHPBMGtK5aCsHcdLns3EA6/Uy9KNUffLdhMDcE0hg==",
      "requires": {
        "lunr": "2.1.6"
      }
    },
    "lunr": {
      "version": "2.1.6",
      "resolved": "https://registry.npmjs.org/lunr/-/lunr-2.1.6.tgz",
      "integrity": "sha512-ydJpB8CX8cZ/VE+KMaYaFcZ6+o2LruM6NG76VXdflYTgluvVemz1lW4anE+pyBbLvxJHZdvD1Jy/fOqdzAEJog=="
    }
  }
}
